
Microsoft Visual Studio Solution File, Format Version 12.00
# Visual Studio Version 16
VisualStudioVersion = 25.0.1706.9
MinimumVisualStudioVersion = 10.0.40219.1
Project("{FAE04EC0-301F-11D3-BF4B-00C04F79EFBC}") = "example", "example\example.csproj", "{56FFFB2C-A331-4FDB-A5CD-AD5BC8DC6120}"
EndProject
Global
	GlobalSection(SolutionConfigurationPlatforms) = preSolution
		Debug|Any CPU = Debug|Any CPU
		Release|Any CPU = Release|Any CPU
	EndGlobalSection
	GlobalSection(ProjectConfigurationPlatforms) = postSolution
		{56FFFB2C-A331-4FDB-A5CD-AD5BC8DC6120}.Debug|Any CPU.ActiveCfg = Debug|Any CPU
		{56FFFB2C-A331-4FDB-A5CD-AD5BC8DC6120}.Debug|Any CPU.Build.0 = Debug|Any CPU
		{56FFFB2C-A331-4FDB-A5CD-AD5BC8DC6120}.Release|Any CPU.ActiveCfg = Release|Any CPU
		{56FFFB2C-A331-4FDB-A5CD-AD5BC8DC6120}.Release|Any CPU.Build.0 = Release|Any CPU
	EndGlobalSection
	GlobalSection(SolutionProperties) = preSolution
		HideSolutionNode = FALSE
	EndGlobalSection
	GlobalSection(ExtensibilityGlobals) = postSolution
		SolutionGuid = {7EEBD0EB-E079-4D5E-8A3D-25AFD3D8F908}
	EndGlobalSection
EndGlobal
