
Microsoft Visual Studio Solution File, Format Version 12.00
# Visual Studio Version 16
VisualStudioVersion = 25.0.1706.9
MinimumVisualStudioVersion = 10.0.40219.1
Project("{FAE04EC0-301F-11D3-BF4B-00C04F79EFBC}") = "Assiognment-03", "Assiognment-03\Assiognment-03.csproj", "{91108A54-8A73-4133-809B-EDB1238F8079}"
EndProject
Global
	GlobalSection(SolutionConfigurationPlatforms) = preSolution
		Debug|Any CPU = Debug|Any CPU
		Release|Any CPU = Release|Any CPU
	EndGlobalSection
	GlobalSection(ProjectConfigurationPlatforms) = postSolution
		{91108A54-8A73-4133-809B-EDB1238F8079}.Debug|Any CPU.ActiveCfg = Debug|Any CPU
		{91108A54-8A73-4133-809B-EDB1238F8079}.Debug|Any CPU.Build.0 = Debug|Any CPU
		{91108A54-8A73-4133-809B-EDB1238F8079}.Release|Any CPU.ActiveCfg = Release|Any CPU
		{91108A54-8A73-4133-809B-EDB1238F8079}.Release|Any CPU.Build.0 = Release|Any CPU
	EndGlobalSection
	GlobalSection(SolutionProperties) = preSolution
		HideSolutionNode = FALSE
	EndGlobalSection
	GlobalSection(ExtensibilityGlobals) = postSolution
		SolutionGuid = {EB7FBED4-D14D-4657-90A6-719D6BC550FC}
	EndGlobalSection
EndGlobal
